// !$*UTF8*$!
{
	archiveVersion = 1;
	classes = {
	};
	objectVersion = 51;
	objects = {

/* Begin PBXBuildFile section */
		462E1EC90A18ED0536D62D4B /* Pods_WeatherCombineTests.framework in Frameworks */ = {isa = PBXBuildFile; fileRef = 5BCCD6ED7D8F5B5A447FA90A /* Pods_WeatherCombineTests.framework */; };
		634E0AEAA1EC7639F125BAE8 /* Pods_WeatherCombine_WeatherCombineUITests.framework in Frameworks */ = {isa = PBXBuildFile; fileRef = 9ACB7020C0FB197745525F18 /* Pods_WeatherCombine_WeatherCombineUITests.framework */; };
		7538DA1101045EA728D29F1E /* Pods_WeatherCombine.framework in Frameworks */ = {isa = PBXBuildFile; fileRef = A2F734B602F21F3871A4F05E /* Pods_WeatherCombine.framework */; };
		AF10867B25171AB7007407E8 /* WeatherResult.swift in Sources */ = {isa = PBXBuildFile; fileRef = AF10867A25171AB7007407E8 /* WeatherResult.swift */; };
		AF10867E25171D1B007407E8 /* CommonModel.swift in Sources */ = {isa = PBXBuildFile; fileRef = AF10867D25171D1B007407E8 /* CommonModel.swift */; };
		AF10868025171E0C007407E8 /* WeeklyWeatherResponse.swift in Sources */ = {isa = PBXBuildFile; fileRef = AF10867F25171E0C007407E8 /* WeeklyWeatherResponse.swift */; };
		AF10868225171EED007407E8 /* CurrentWeatherResponse.swift in Sources */ = {isa = PBXBuildFile; fileRef = AF10868125171EED007407E8 /* CurrentWeatherResponse.swift */; };
		AF10868425171F78007407E8 /* WeatherNetworking.swift in Sources */ = {isa = PBXBuildFile; fileRef = AF10868325171F78007407E8 /* WeatherNetworking.swift */; };
		AF18330F2560943D00D8751A /* Cancellable+Extensions.swift in Sources */ = {isa = PBXBuildFile; fileRef = AF18330E2560943D00D8751A /* Cancellable+Extensions.swift */; };
		AF1A78AD2543A75800A46084 /* XCTestCase+Extension.swift in Sources */ = {isa = PBXBuildFile; fileRef = AF1A78AC2543A75800A46084 /* XCTestCase+Extension.swift */; };
		AF1A78B62543A97700A46084 /* WeathersStub.swift in Sources */ = {isa = PBXBuildFile; fileRef = AF1A78B52543A97700A46084 /* WeathersStub.swift */; };
		AF1C3EDC25370B4E0041DDE0 /* swiftgen.yml in Resources */ = {isa = PBXBuildFile; fileRef = AF1C3EDB25370B4D0041DDE0 /* swiftgen.yml */; };
		AF26829525443C43005CC7D3 /* weatherDetail.json in Resources */ = {isa = PBXBuildFile; fileRef = AF26829225443C43005CC7D3 /* weatherDetail.json */; };
		AF26829625443C43005CC7D3 /* weeklyWeather.json in Resources */ = {isa = PBXBuildFile; fileRef = AF26829325443C43005CC7D3 /* weeklyWeather.json */; };
		AF26829725443C43005CC7D3 /* weatherList.json in Resources */ = {isa = PBXBuildFile; fileRef = AF26829425443C43005CC7D3 /* weatherList.json */; };
		AF46B053254563DB00130B94 /* Date+Extension.swift in Sources */ = {isa = PBXBuildFile; fileRef = AF46B052254563DB00130B94 /* Date+Extension.swift */; };
		AF46B055254564D600130B94 /* DateFormatter+Extension.swift in Sources */ = {isa = PBXBuildFile; fileRef = AF46B054254564D600130B94 /* DateFormatter+Extension.swift */; };
		AF4809FE2518CBC500AC4743 /* WeeklyWeatherView.swift in Sources */ = {isa = PBXBuildFile; fileRef = AF4809E62518CBC500AC4743 /* WeeklyWeatherView.swift */; };
		AF480A062518CBC500AC4743 /* CurrentWeatherView.swift in Sources */ = {isa = PBXBuildFile; fileRef = AF4809EF2518CBC500AC4743 /* CurrentWeatherView.swift */; };
		AF480A092518CBC500AC4743 /* WeeklyWeatherBuilder.swift in Sources */ = {isa = PBXBuildFile; fileRef = AF4809F42518CBC500AC4743 /* WeeklyWeatherBuilder.swift */; };
		AF480A0A2518CBC500AC4743 /* WeeklyWeatherDTO.swift in Sources */ = {isa = PBXBuildFile; fileRef = AF4809F52518CBC500AC4743 /* WeeklyWeatherDTO.swift */; };
		AF480A0B2518CBC500AC4743 /* WeeklyWeatherViewModel.swift in Sources */ = {isa = PBXBuildFile; fileRef = AF4809F62518CBC500AC4743 /* WeeklyWeatherViewModel.swift */; };
		AF480A0C2518CBC500AC4743 /* DailyWeatherCell.swift in Sources */ = {isa = PBXBuildFile; fileRef = AF4809F72518CBC500AC4743 /* DailyWeatherCell.swift */; };
		AF480A0E2518CBC500AC4743 /* CurrentWeatherViewModel.swift in Sources */ = {isa = PBXBuildFile; fileRef = AF4809FA2518CBC500AC4743 /* CurrentWeatherViewModel.swift */; };
		AF480A0F2518CBC500AC4743 /* CurrentWeatherCell.swift in Sources */ = {isa = PBXBuildFile; fileRef = AF4809FB2518CBC500AC4743 /* CurrentWeatherCell.swift */; };
		AF68A52925196CE000D6341C /* CurrentWeatherDTO.swift in Sources */ = {isa = PBXBuildFile; fileRef = AF68A52825196CE000D6341C /* CurrentWeatherDTO.swift */; };
		AF7C80FD2547989F0072DEE7 /* WeatherNetworkingTests.swift in Sources */ = {isa = PBXBuildFile; fileRef = AF7C80FC2547989F0072DEE7 /* WeatherNetworkingTests.swift */; };
		AF80C703250F8404008CC45B /* NetworkService.swift in Sources */ = {isa = PBXBuildFile; fileRef = AF80C6FB250F8404008CC45B /* NetworkService.swift */; };
		AF80C704250F8404008CC45B /* Resource.swift in Sources */ = {isa = PBXBuildFile; fileRef = AF80C6FC250F8404008CC45B /* Resource.swift */; };
		AF80C705250F8404008CC45B /* URL+Extensions.swift in Sources */ = {isa = PBXBuildFile; fileRef = AF80C6FD250F8404008CC45B /* URL+Extensions.swift */; };
		AF80C706250F8404008CC45B /* NetworkError.swift in Sources */ = {isa = PBXBuildFile; fileRef = AF80C6FE250F8404008CC45B /* NetworkError.swift */; };
		AF80C70C250F8667008CC45B /* Publisher+Extensions.swift in Sources */ = {isa = PBXBuildFile; fileRef = AF80C70A250F8667008CC45B /* Publisher+Extensions.swift */; };
		AF80C70D250F8667008CC45B /* Scheduler.swift in Sources */ = {isa = PBXBuildFile; fileRef = AF80C70B250F8667008CC45B /* Scheduler.swift */; };
		AF8E4742254443FD00C45B9A /* generate-swiftgen.sh in Resources */ = {isa = PBXBuildFile; fileRef = AF8E4741254443FD00C45B9A /* generate-swiftgen.sh */; };
		AF8E47442544440800C45B9A /* Cuckoo-GeneratedMocks.sh in Resources */ = {isa = PBXBuildFile; fileRef = AF8E47432544440800C45B9A /* Cuckoo-GeneratedMocks.sh */; };
		AF8E4746254444E200C45B9A /* GeneratedMocks.swift in Sources */ = {isa = PBXBuildFile; fileRef = AF8E4745254444E200C45B9A /* GeneratedMocks.swift */; };
		AF983F1A25436931002D9EC4 /* WeeklyWeatherDTOTests.swift in Sources */ = {isa = PBXBuildFile; fileRef = AF983F1925436931002D9EC4 /* WeeklyWeatherDTOTests.swift */; };
		AF983F1C2543693E002D9EC4 /* WeeklyWeatherViewModelTests.swift in Sources */ = {isa = PBXBuildFile; fileRef = AF983F1B2543693E002D9EC4 /* WeeklyWeatherViewModelTests.swift */; };
		AF983F1E2543697B002D9EC4 /* WeatherListViewModelTests.swift in Sources */ = {isa = PBXBuildFile; fileRef = AF983F1D2543697B002D9EC4 /* WeatherListViewModelTests.swift */; };
		AF983F2025436987002D9EC4 /* WeatherListDTOTests.swift in Sources */ = {isa = PBXBuildFile; fileRef = AF983F1F25436987002D9EC4 /* WeatherListDTOTests.swift */; };
		AF983F22254369E0002D9EC4 /* CurrentWeatherViewModelTests.swift in Sources */ = {isa = PBXBuildFile; fileRef = AF983F21254369E0002D9EC4 /* CurrentWeatherViewModelTests.swift */; };
		AF983F24254369EE002D9EC4 /* CurrentWeatherDTOTests.swift in Sources */ = {isa = PBXBuildFile; fileRef = AF983F23254369EE002D9EC4 /* CurrentWeatherDTOTests.swift */; };
		AFC84EA725296864007F8D5F /* CityWeatherListResponse.swift in Sources */ = {isa = PBXBuildFile; fileRef = AFC84EA625296864007F8D5F /* CityWeatherListResponse.swift */; };
		AFC84EAD2529C25A007F8D5F /* WeatherListCell.swift in Sources */ = {isa = PBXBuildFile; fileRef = AFC84EAC2529C25A007F8D5F /* WeatherListCell.swift */; };
		AFC84EAF2529C270007F8D5F /* WeatherListView.swift in Sources */ = {isa = PBXBuildFile; fileRef = AFC84EAE2529C270007F8D5F /* WeatherListView.swift */; };
		AFC84EB12529C29F007F8D5F /* WeatherListViewModel.swift in Sources */ = {isa = PBXBuildFile; fileRef = AFC84EB02529C29F007F8D5F /* WeatherListViewModel.swift */; };
		AFC84EB32529C2AA007F8D5F /* WeatherListDTO.swift in Sources */ = {isa = PBXBuildFile; fileRef = AFC84EB22529C2AA007F8D5F /* WeatherListDTO.swift */; };
		AFD5316925312D50002CAFE1 /* weeklyWeather.json in Resources */ = {isa = PBXBuildFile; fileRef = AFD5316625312D50002CAFE1 /* weeklyWeather.json */; };
		AFD5316A25312D50002CAFE1 /* weatherDetail.json in Resources */ = {isa = PBXBuildFile; fileRef = AFD5316725312D50002CAFE1 /* weatherDetail.json */; };
		AFD5316B25312D50002CAFE1 /* weatherList.json in Resources */ = {isa = PBXBuildFile; fileRef = AFD5316825312D50002CAFE1 /* weatherList.json */; };
		AFD5317125312EFF002CAFE1 /* WeatherNetworkingPreviewHelpers.swift in Sources */ = {isa = PBXBuildFile; fileRef = AFD5317025312EFF002CAFE1 /* WeatherNetworkingPreviewHelpers.swift */; };
		AFEA6C172519E8E200F79920 /* RoundSinglePlace.swift in Sources */ = {isa = PBXBuildFile; fileRef = AFEA6C162519E8E200F79920 /* RoundSinglePlace.swift */; };
		AFEA6C1B2519F61800F79920 /* WeeklyWeatherViewModel+Extension.swift in Sources */ = {isa = PBXBuildFile; fileRef = AFEA6C1A2519F61800F79920 /* WeeklyWeatherViewModel+Extension.swift */; };
		AFF6D6E92535C2F100D004C3 /* ApexRounded-Book.otf in Resources */ = {isa = PBXBuildFile; fileRef = AFF6D6DE2535C2F100D004C3 /* ApexRounded-Book.otf */; };
		AFF6D6EA2535C2F100D004C3 /* ApexRounded-Medium.otf in Resources */ = {isa = PBXBuildFile; fileRef = AFF6D6DF2535C2F100D004C3 /* ApexRounded-Medium.otf */; };
		AFF6D6EB2535C2F100D004C3 /* ApexRounded-Heavy.otf in Resources */ = {isa = PBXBuildFile; fileRef = AFF6D6E02535C2F100D004C3 /* ApexRounded-Heavy.otf */; };
		AFF6D6EC2535C2F100D004C3 /* StandardColors.txt in Resources */ = {isa = PBXBuildFile; fileRef = AFF6D6E22535C2F100D004C3 /* StandardColors.txt */; };
		AFF6D6ED2535C2F100D004C3 /* Assets.xcassets in Resources */ = {isa = PBXBuildFile; fileRef = AFF6D6E42535C2F100D004C3 /* Assets.xcassets */; };
		AFF6D6EE2535C2F100D004C3 /* ColorsAssets.xcassets in Resources */ = {isa = PBXBuildFile; fileRef = AFF6D6E52535C2F100D004C3 /* ColorsAssets.xcassets */; };
		AFF6D6F22535C48000D004C3 /* WeatherList.strings in Resources */ = {isa = PBXBuildFile; fileRef = AFF6D6F12535C48000D004C3 /* WeatherList.strings */; };
		AFF6D6F62535C4AF00D004C3 /* WeeklyWeather.strings in Resources */ = {isa = PBXBuildFile; fileRef = AFF6D6F52535C4AF00D004C3 /* WeeklyWeather.strings */; };
		AFF9E242250E3EE20033F0C4 /* AppDelegate.swift in Sources */ = {isa = PBXBuildFile; fileRef = AFF9E241250E3EE20033F0C4 /* AppDelegate.swift */; };
		AFF9E244250E3EE20033F0C4 /* SceneDelegate.swift in Sources */ = {isa = PBXBuildFile; fileRef = AFF9E243250E3EE20033F0C4 /* SceneDelegate.swift */; };
		AFF9E246250E3EE20033F0C4 /* ContentView.swift in Sources */ = {isa = PBXBuildFile; fileRef = AFF9E245250E3EE20033F0C4 /* ContentView.swift */; };
		AFF9E24B250E3EE30033F0C4 /* Preview Assets.xcassets in Resources */ = {isa = PBXBuildFile; fileRef = AFF9E24A250E3EE30033F0C4 /* Preview Assets.xcassets */; };
		AFF9E24E250E3EE30033F0C4 /* LaunchScreen.storyboard in Resources */ = {isa = PBXBuildFile; fileRef = AFF9E24C250E3EE30033F0C4 /* LaunchScreen.storyboard */; };
		AFF9E259250E3EE30033F0C4 /* WeatherCombineTests.swift in Sources */ = {isa = PBXBuildFile; fileRef = AFF9E258250E3EE30033F0C4 /* WeatherCombineTests.swift */; };
		AFF9E264250E3EE30033F0C4 /* WeatherCombineUITests.swift in Sources */ = {isa = PBXBuildFile; fileRef = AFF9E263250E3EE30033F0C4 /* WeatherCombineUITests.swift */; };
		AFF9E27A250E439A0033F0C4 /* Array+Filtering.swift in Sources */ = {isa = PBXBuildFile; fileRef = AFF9E273250E439A0033F0C4 /* Array+Filtering.swift */; };
		AFF9E27B250E439A0033F0C4 /* MapView.swift in Sources */ = {isa = PBXBuildFile; fileRef = AFF9E275250E439A0033F0C4 /* MapView.swift */; };
		AFF9E27C250E439A0033F0C4 /* DateFormatters.swift in Sources */ = {isa = PBXBuildFile; fileRef = AFF9E277250E439A0033F0C4 /* DateFormatters.swift */; };
/* End PBXBuildFile section */

/* Begin PBXContainerItemProxy section */
		AFF9E255250E3EE30033F0C4 /* PBXContainerItemProxy */ = {
			isa = PBXContainerItemProxy;
			containerPortal = AFF9E236250E3EE20033F0C4 /* Project object */;
			proxyType = 1;
			remoteGlobalIDString = AFF9E23D250E3EE20033F0C4;
			remoteInfo = WeatherCombine;
		};
		AFF9E260250E3EE30033F0C4 /* PBXContainerItemProxy */ = {
			isa = PBXContainerItemProxy;
			containerPortal = AFF9E236250E3EE20033F0C4 /* Project object */;
			proxyType = 1;
			remoteGlobalIDString = AFF9E23D250E3EE20033F0C4;
			remoteInfo = WeatherCombine;
		};
/* End PBXContainerItemProxy section */

/* Begin PBXFileReference section */
		0C207CFEB3CB3D261B912F18 /* Pods-WeatherCombine.release.xcconfig */ = {isa = PBXFileReference; includeInIndex = 1; lastKnownFileType = text.xcconfig; name = "Pods-WeatherCombine.release.xcconfig"; path = "Target Support Files/Pods-WeatherCombine/Pods-WeatherCombine.release.xcconfig"; sourceTree = "<group>"; };
		5BCCD6ED7D8F5B5A447FA90A /* Pods_WeatherCombineTests.framework */ = {isa = PBXFileReference; explicitFileType = wrapper.framework; includeInIndex = 0; path = Pods_WeatherCombineTests.framework; sourceTree = BUILT_PRODUCTS_DIR; };
		5DB2609A606097E9CAAD35F2 /* Pods-WeatherCombine-WeatherCombineUITests.debug.xcconfig */ = {isa = PBXFileReference; includeInIndex = 1; lastKnownFileType = text.xcconfig; name = "Pods-WeatherCombine-WeatherCombineUITests.debug.xcconfig"; path = "Target Support Files/Pods-WeatherCombine-WeatherCombineUITests/Pods-WeatherCombine-WeatherCombineUITests.debug.xcconfig"; sourceTree = "<group>"; };
		5EB45D6DBCB0CA32FDB5F783 /* Pods-WeatherCombineTests.release.xcconfig */ = {isa = PBXFileReference; includeInIndex = 1; lastKnownFileType = text.xcconfig; name = "Pods-WeatherCombineTests.release.xcconfig"; path = "Target Support Files/Pods-WeatherCombineTests/Pods-WeatherCombineTests.release.xcconfig"; sourceTree = "<group>"; };
		827FC6AB8F5C2900DB879136 /* Pods-WeatherCombineTests.debug.xcconfig */ = {isa = PBXFileReference; includeInIndex = 1; lastKnownFileType = text.xcconfig; name = "Pods-WeatherCombineTests.debug.xcconfig"; path = "Target Support Files/Pods-WeatherCombineTests/Pods-WeatherCombineTests.debug.xcconfig"; sourceTree = "<group>"; };
		9A7F728AD79526846C0906E7 /* Pods-WeatherCombine.debug.xcconfig */ = {isa = PBXFileReference; includeInIndex = 1; lastKnownFileType = text.xcconfig; name = "Pods-WeatherCombine.debug.xcconfig"; path = "Target Support Files/Pods-WeatherCombine/Pods-WeatherCombine.debug.xcconfig"; sourceTree = "<group>"; };
		9ACB7020C0FB197745525F18 /* Pods_WeatherCombine_WeatherCombineUITests.framework */ = {isa = PBXFileReference; explicitFileType = wrapper.framework; includeInIndex = 0; path = Pods_WeatherCombine_WeatherCombineUITests.framework; sourceTree = BUILT_PRODUCTS_DIR; };
		A2F734B602F21F3871A4F05E /* Pods_WeatherCombine.framework */ = {isa = PBXFileReference; explicitFileType = wrapper.framework; includeInIndex = 0; path = Pods_WeatherCombine.framework; sourceTree = BUILT_PRODUCTS_DIR; };
		AF10867A25171AB7007407E8 /* WeatherResult.swift */ = {isa = PBXFileReference; lastKnownFileType = sourcecode.swift; path = WeatherResult.swift; sourceTree = "<group>"; };
		AF10867D25171D1B007407E8 /* CommonModel.swift */ = {isa = PBXFileReference; lastKnownFileType = sourcecode.swift; path = CommonModel.swift; sourceTree = "<group>"; };
		AF10867F25171E0C007407E8 /* WeeklyWeatherResponse.swift */ = {isa = PBXFileReference; lastKnownFileType = sourcecode.swift; path = WeeklyWeatherResponse.swift; sourceTree = "<group>"; };
		AF10868125171EED007407E8 /* CurrentWeatherResponse.swift */ = {isa = PBXFileReference; lastKnownFileType = sourcecode.swift; path = CurrentWeatherResponse.swift; sourceTree = "<group>"; };
		AF10868325171F78007407E8 /* WeatherNetworking.swift */ = {isa = PBXFileReference; lastKnownFileType = sourcecode.swift; path = WeatherNetworking.swift; sourceTree = "<group>"; };
		AF18330E2560943D00D8751A /* Cancellable+Extensions.swift */ = {isa = PBXFileReference; lastKnownFileType = sourcecode.swift; path = "Cancellable+Extensions.swift"; sourceTree = "<group>"; };
		AF1A78AC2543A75800A46084 /* XCTestCase+Extension.swift */ = {isa = PBXFileReference; lastKnownFileType = sourcecode.swift; path = "XCTestCase+Extension.swift"; sourceTree = "<group>"; };
		AF1A78B52543A97700A46084 /* WeathersStub.swift */ = {isa = PBXFileReference; lastKnownFileType = sourcecode.swift; path = WeathersStub.swift; sourceTree = "<group>"; };
		AF1C3EDB25370B4D0041DDE0 /* swiftgen.yml */ = {isa = PBXFileReference; fileEncoding = 4; lastKnownFileType = text.yaml; path = swiftgen.yml; sourceTree = "<group>"; };
		AF26829225443C43005CC7D3 /* weatherDetail.json */ = {isa = PBXFileReference; fileEncoding = 4; lastKnownFileType = text.json; path = weatherDetail.json; sourceTree = "<group>"; };
		AF26829325443C43005CC7D3 /* weeklyWeather.json */ = {isa = PBXFileReference; fileEncoding = 4; lastKnownFileType = text.json; path = weeklyWeather.json; sourceTree = "<group>"; };
		AF26829425443C43005CC7D3 /* weatherList.json */ = {isa = PBXFileReference; fileEncoding = 4; lastKnownFileType = text.json; path = weatherList.json; sourceTree = "<group>"; };
		AF46B052254563DB00130B94 /* Date+Extension.swift */ = {isa = PBXFileReference; lastKnownFileType = sourcecode.swift; path = "Date+Extension.swift"; sourceTree = "<group>"; };
		AF46B054254564D600130B94 /* DateFormatter+Extension.swift */ = {isa = PBXFileReference; lastKnownFileType = sourcecode.swift; path = "DateFormatter+Extension.swift"; sourceTree = "<group>"; };
		AF4809E62518CBC500AC4743 /* WeeklyWeatherView.swift */ = {isa = PBXFileReference; fileEncoding = 4; lastKnownFileType = sourcecode.swift; path = WeeklyWeatherView.swift; sourceTree = "<group>"; };
		AF4809EF2518CBC500AC4743 /* CurrentWeatherView.swift */ = {isa = PBXFileReference; fileEncoding = 4; lastKnownFileType = sourcecode.swift; path = CurrentWeatherView.swift; sourceTree = "<group>"; };
		AF4809F42518CBC500AC4743 /* WeeklyWeatherBuilder.swift */ = {isa = PBXFileReference; fileEncoding = 4; lastKnownFileType = sourcecode.swift; path = WeeklyWeatherBuilder.swift; sourceTree = "<group>"; };
		AF4809F52518CBC500AC4743 /* WeeklyWeatherDTO.swift */ = {isa = PBXFileReference; fileEncoding = 4; lastKnownFileType = sourcecode.swift; path = WeeklyWeatherDTO.swift; sourceTree = "<group>"; };
		AF4809F62518CBC500AC4743 /* WeeklyWeatherViewModel.swift */ = {isa = PBXFileReference; fileEncoding = 4; lastKnownFileType = sourcecode.swift; path = WeeklyWeatherViewModel.swift; sourceTree = "<group>"; };
		AF4809F72518CBC500AC4743 /* DailyWeatherCell.swift */ = {isa = PBXFileReference; fileEncoding = 4; lastKnownFileType = sourcecode.swift; path = DailyWeatherCell.swift; sourceTree = "<group>"; };
		AF4809FA2518CBC500AC4743 /* CurrentWeatherViewModel.swift */ = {isa = PBXFileReference; fileEncoding = 4; lastKnownFileType = sourcecode.swift; path = CurrentWeatherViewModel.swift; sourceTree = "<group>"; };
		AF4809FB2518CBC500AC4743 /* CurrentWeatherCell.swift */ = {isa = PBXFileReference; fileEncoding = 4; lastKnownFileType = sourcecode.swift; path = CurrentWeatherCell.swift; sourceTree = "<group>"; };
		AF68A52825196CE000D6341C /* CurrentWeatherDTO.swift */ = {isa = PBXFileReference; lastKnownFileType = sourcecode.swift; path = CurrentWeatherDTO.swift; sourceTree = "<group>"; };
		AF7C80FC2547989F0072DEE7 /* WeatherNetworkingTests.swift */ = {isa = PBXFileReference; lastKnownFileType = sourcecode.swift; path = WeatherNetworkingTests.swift; sourceTree = "<group>"; };
		AF80C6FB250F8404008CC45B /* NetworkService.swift */ = {isa = PBXFileReference; fileEncoding = 4; lastKnownFileType = sourcecode.swift; path = NetworkService.swift; sourceTree = "<group>"; };
		AF80C6FC250F8404008CC45B /* Resource.swift */ = {isa = PBXFileReference; fileEncoding = 4; lastKnownFileType = sourcecode.swift; path = Resource.swift; sourceTree = "<group>"; };
		AF80C6FD250F8404008CC45B /* URL+Extensions.swift */ = {isa = PBXFileReference; fileEncoding = 4; lastKnownFileType = sourcecode.swift; path = "URL+Extensions.swift"; sourceTree = "<group>"; };
		AF80C6FE250F8404008CC45B /* NetworkError.swift */ = {isa = PBXFileReference; fileEncoding = 4; lastKnownFileType = sourcecode.swift; path = NetworkError.swift; sourceTree = "<group>"; };
		AF80C70A250F8667008CC45B /* Publisher+Extensions.swift */ = {isa = PBXFileReference; fileEncoding = 4; lastKnownFileType = sourcecode.swift; path = "Publisher+Extensions.swift"; sourceTree = "<group>"; };
		AF80C70B250F8667008CC45B /* Scheduler.swift */ = {isa = PBXFileReference; fileEncoding = 4; lastKnownFileType = sourcecode.swift; path = Scheduler.swift; sourceTree = "<group>"; };
		AF8E4741254443FD00C45B9A /* generate-swiftgen.sh */ = {isa = PBXFileReference; fileEncoding = 4; lastKnownFileType = text.script.sh; path = "generate-swiftgen.sh"; sourceTree = "<group>"; };
		AF8E47432544440800C45B9A /* Cuckoo-GeneratedMocks.sh */ = {isa = PBXFileReference; fileEncoding = 4; lastKnownFileType = text.script.sh; path = "Cuckoo-GeneratedMocks.sh"; sourceTree = "<group>"; };
		AF8E4745254444E200C45B9A /* GeneratedMocks.swift */ = {isa = PBXFileReference; fileEncoding = 4; lastKnownFileType = sourcecode.swift; path = GeneratedMocks.swift; sourceTree = "<group>"; };
		AF983F1925436931002D9EC4 /* WeeklyWeatherDTOTests.swift */ = {isa = PBXFileReference; lastKnownFileType = sourcecode.swift; path = WeeklyWeatherDTOTests.swift; sourceTree = "<group>"; };
		AF983F1B2543693E002D9EC4 /* WeeklyWeatherViewModelTests.swift */ = {isa = PBXFileReference; lastKnownFileType = sourcecode.swift; path = WeeklyWeatherViewModelTests.swift; sourceTree = "<group>"; };
		AF983F1D2543697B002D9EC4 /* WeatherListViewModelTests.swift */ = {isa = PBXFileReference; lastKnownFileType = sourcecode.swift; path = WeatherListViewModelTests.swift; sourceTree = "<group>"; };
		AF983F1F25436987002D9EC4 /* WeatherListDTOTests.swift */ = {isa = PBXFileReference; lastKnownFileType = sourcecode.swift; path = WeatherListDTOTests.swift; sourceTree = "<group>"; };
		AF983F21254369E0002D9EC4 /* CurrentWeatherViewModelTests.swift */ = {isa = PBXFileReference; lastKnownFileType = sourcecode.swift; path = CurrentWeatherViewModelTests.swift; sourceTree = "<group>"; };
		AF983F23254369EE002D9EC4 /* CurrentWeatherDTOTests.swift */ = {isa = PBXFileReference; lastKnownFileType = sourcecode.swift; path = CurrentWeatherDTOTests.swift; sourceTree = "<group>"; };
		AFC84EA625296864007F8D5F /* CityWeatherListResponse.swift */ = {isa = PBXFileReference; lastKnownFileType = sourcecode.swift; path = CityWeatherListResponse.swift; sourceTree = "<group>"; };
		AFC84EAC2529C25A007F8D5F /* WeatherListCell.swift */ = {isa = PBXFileReference; lastKnownFileType = sourcecode.swift; path = WeatherListCell.swift; sourceTree = "<group>"; };
		AFC84EAE2529C270007F8D5F /* WeatherListView.swift */ = {isa = PBXFileReference; lastKnownFileType = sourcecode.swift; path = WeatherListView.swift; sourceTree = "<group>"; };
		AFC84EB02529C29F007F8D5F /* WeatherListViewModel.swift */ = {isa = PBXFileReference; lastKnownFileType = sourcecode.swift; path = WeatherListViewModel.swift; sourceTree = "<group>"; };
		AFC84EB22529C2AA007F8D5F /* WeatherListDTO.swift */ = {isa = PBXFileReference; lastKnownFileType = sourcecode.swift; path = WeatherListDTO.swift; sourceTree = "<group>"; };
		AFD5316625312D50002CAFE1 /* weeklyWeather.json */ = {isa = PBXFileReference; fileEncoding = 4; lastKnownFileType = text.json; path = weeklyWeather.json; sourceTree = "<group>"; };
		AFD5316725312D50002CAFE1 /* weatherDetail.json */ = {isa = PBXFileReference; fileEncoding = 4; lastKnownFileType = text.json; path = weatherDetail.json; sourceTree = "<group>"; };
		AFD5316825312D50002CAFE1 /* weatherList.json */ = {isa = PBXFileReference; fileEncoding = 4; lastKnownFileType = text.json; path = weatherList.json; sourceTree = "<group>"; };
		AFD5317025312EFF002CAFE1 /* WeatherNetworkingPreviewHelpers.swift */ = {isa = PBXFileReference; lastKnownFileType = sourcecode.swift; path = WeatherNetworkingPreviewHelpers.swift; sourceTree = "<group>"; };
		AFEA6C162519E8E200F79920 /* RoundSinglePlace.swift */ = {isa = PBXFileReference; lastKnownFileType = sourcecode.swift; path = RoundSinglePlace.swift; sourceTree = "<group>"; };
		AFEA6C1A2519F61800F79920 /* WeeklyWeatherViewModel+Extension.swift */ = {isa = PBXFileReference; lastKnownFileType = sourcecode.swift; path = "WeeklyWeatherViewModel+Extension.swift"; sourceTree = "<group>"; };
		AFF6D6DE2535C2F100D004C3 /* ApexRounded-Book.otf */ = {isa = PBXFileReference; lastKnownFileType = file; path = "ApexRounded-Book.otf"; sourceTree = "<group>"; };
		AFF6D6DF2535C2F100D004C3 /* ApexRounded-Medium.otf */ = {isa = PBXFileReference; lastKnownFileType = file; path = "ApexRounded-Medium.otf"; sourceTree = "<group>"; };
		AFF6D6E02535C2F100D004C3 /* ApexRounded-Heavy.otf */ = {isa = PBXFileReference; lastKnownFileType = file; path = "ApexRounded-Heavy.otf"; sourceTree = "<group>"; };
		AFF6D6E22535C2F100D004C3 /* StandardColors.txt */ = {isa = PBXFileReference; fileEncoding = 4; lastKnownFileType = text; path = StandardColors.txt; sourceTree = "<group>"; };
		AFF6D6E42535C2F100D004C3 /* Assets.xcassets */ = {isa = PBXFileReference; lastKnownFileType = folder.assetcatalog; path = Assets.xcassets; sourceTree = "<group>"; };
		AFF6D6E52535C2F100D004C3 /* ColorsAssets.xcassets */ = {isa = PBXFileReference; lastKnownFileType = folder.assetcatalog; path = ColorsAssets.xcassets; sourceTree = "<group>"; };
		AFF6D6F12535C48000D004C3 /* WeatherList.strings */ = {isa = PBXFileReference; lastKnownFileType = text.plist.strings; path = WeatherList.strings; sourceTree = "<group>"; };
		AFF6D6F52535C4AF00D004C3 /* WeeklyWeather.strings */ = {isa = PBXFileReference; lastKnownFileType = text.plist.strings; path = WeeklyWeather.strings; sourceTree = "<group>"; };
		AFF9E23E250E3EE20033F0C4 /* WeatherCombine.app */ = {isa = PBXFileReference; explicitFileType = wrapper.application; includeInIndex = 0; path = WeatherCombine.app; sourceTree = BUILT_PRODUCTS_DIR; };
		AFF9E241250E3EE20033F0C4 /* AppDelegate.swift */ = {isa = PBXFileReference; lastKnownFileType = sourcecode.swift; path = AppDelegate.swift; sourceTree = "<group>"; };
		AFF9E243250E3EE20033F0C4 /* SceneDelegate.swift */ = {isa = PBXFileReference; lastKnownFileType = sourcecode.swift; path = SceneDelegate.swift; sourceTree = "<group>"; };
		AFF9E245250E3EE20033F0C4 /* ContentView.swift */ = {isa = PBXFileReference; lastKnownFileType = sourcecode.swift; path = ContentView.swift; sourceTree = "<group>"; };
		AFF9E24A250E3EE30033F0C4 /* Preview Assets.xcassets */ = {isa = PBXFileReference; lastKnownFileType = folder.assetcatalog; path = "Preview Assets.xcassets"; sourceTree = "<group>"; };
		AFF9E24D250E3EE30033F0C4 /* Base */ = {isa = PBXFileReference; lastKnownFileType = file.storyboard; name = Base; path = Base.lproj/LaunchScreen.storyboard; sourceTree = "<group>"; };
		AFF9E24F250E3EE30033F0C4 /* Info.plist */ = {isa = PBXFileReference; lastKnownFileType = text.plist.xml; path = Info.plist; sourceTree = "<group>"; };
		AFF9E254250E3EE30033F0C4 /* WeatherCombineTests.xctest */ = {isa = PBXFileReference; explicitFileType = wrapper.cfbundle; includeInIndex = 0; path = WeatherCombineTests.xctest; sourceTree = BUILT_PRODUCTS_DIR; };
		AFF9E258250E3EE30033F0C4 /* WeatherCombineTests.swift */ = {isa = PBXFileReference; lastKnownFileType = sourcecode.swift; path = WeatherCombineTests.swift; sourceTree = "<group>"; };
		AFF9E25A250E3EE30033F0C4 /* Info.plist */ = {isa = PBXFileReference; lastKnownFileType = text.plist.xml; path = Info.plist; sourceTree = "<group>"; };
		AFF9E25F250E3EE30033F0C4 /* WeatherCombineUITests.xctest */ = {isa = PBXFileReference; explicitFileType = wrapper.cfbundle; includeInIndex = 0; path = WeatherCombineUITests.xctest; sourceTree = BUILT_PRODUCTS_DIR; };
		AFF9E263250E3EE30033F0C4 /* WeatherCombineUITests.swift */ = {isa = PBXFileReference; lastKnownFileType = sourcecode.swift; path = WeatherCombineUITests.swift; sourceTree = "<group>"; };
		AFF9E265250E3EE30033F0C4 /* Info.plist */ = {isa = PBXFileReference; lastKnownFileType = text.plist.xml; path = Info.plist; sourceTree = "<group>"; };
		AFF9E273250E439A0033F0C4 /* Array+Filtering.swift */ = {isa = PBXFileReference; fileEncoding = 4; lastKnownFileType = sourcecode.swift; path = "Array+Filtering.swift"; sourceTree = "<group>"; };
		AFF9E275250E439A0033F0C4 /* MapView.swift */ = {isa = PBXFileReference; fileEncoding = 4; lastKnownFileType = sourcecode.swift; path = MapView.swift; sourceTree = "<group>"; };
		AFF9E277250E439A0033F0C4 /* DateFormatters.swift */ = {isa = PBXFileReference; fileEncoding = 4; lastKnownFileType = sourcecode.swift; path = DateFormatters.swift; sourceTree = "<group>"; };
		CAD54E2BCCF3AF403B970BB2 /* Pods-WeatherCombine-WeatherCombineUITests.release.xcconfig */ = {isa = PBXFileReference; includeInIndex = 1; lastKnownFileType = text.xcconfig; name = "Pods-WeatherCombine-WeatherCombineUITests.release.xcconfig"; path = "Target Support Files/Pods-WeatherCombine-WeatherCombineUITests/Pods-WeatherCombine-WeatherCombineUITests.release.xcconfig"; sourceTree = "<group>"; };
/* End PBXFileReference section */

/* Begin PBXFrameworksBuildPhase section */
		AFF9E23B250E3EE20033F0C4 /* Frameworks */ = {
			isa = PBXFrameworksBuildPhase;
			buildActionMask = 2147483647;
			files = (
				7538DA1101045EA728D29F1E /* Pods_WeatherCombine.framework in Frameworks */,
			);
			runOnlyForDeploymentPostprocessing = 0;
		};
		AFF9E251250E3EE30033F0C4 /* Frameworks */ = {
			isa = PBXFrameworksBuildPhase;
			buildActionMask = 2147483647;
			files = (
				462E1EC90A18ED0536D62D4B /* Pods_WeatherCombineTests.framework in Frameworks */,
			);
			runOnlyForDeploymentPostprocessing = 0;
		};
		AFF9E25C250E3EE30033F0C4 /* Frameworks */ = {
			isa = PBXFrameworksBuildPhase;
			buildActionMask = 2147483647;
			files = (
				634E0AEAA1EC7639F125BAE8 /* Pods_WeatherCombine_WeatherCombineUITests.framework in Frameworks */,
			);
			runOnlyForDeploymentPostprocessing = 0;
		};
/* End PBXFrameworksBuildPhase section */

/* Begin PBXGroup section */
		4892419250957A30B6567689 /* Pods */ = {
			isa = PBXGroup;
			children = (
				9A7F728AD79526846C0906E7 /* Pods-WeatherCombine.debug.xcconfig */,
				0C207CFEB3CB3D261B912F18 /* Pods-WeatherCombine.release.xcconfig */,
				5DB2609A606097E9CAAD35F2 /* Pods-WeatherCombine-WeatherCombineUITests.debug.xcconfig */,
				CAD54E2BCCF3AF403B970BB2 /* Pods-WeatherCombine-WeatherCombineUITests.release.xcconfig */,
				827FC6AB8F5C2900DB879136 /* Pods-WeatherCombineTests.debug.xcconfig */,
				5EB45D6DBCB0CA32FDB5F783 /* Pods-WeatherCombineTests.release.xcconfig */,
			);
			path = Pods;
			sourceTree = "<group>";
		};
		737A1AA819CB99AEDEBA3544 /* Frameworks */ = {
			isa = PBXGroup;
			children = (
				A2F734B602F21F3871A4F05E /* Pods_WeatherCombine.framework */,
				9ACB7020C0FB197745525F18 /* Pods_WeatherCombine_WeatherCombineUITests.framework */,
				5BCCD6ED7D8F5B5A447FA90A /* Pods_WeatherCombineTests.framework */,
			);
			name = Frameworks;
			sourceTree = "<group>";
		};
		AF10867C25171B16007407E8 /* Common */ = {
			isa = PBXGroup;
			children = (
				AF10867D25171D1B007407E8 /* CommonModel.swift */,
			);
			path = Common;
			sourceTree = "<group>";
		};
		AF1A78AE2543A92E00A46084 /* Stubs */ = {
			isa = PBXGroup;
			children = (
				AF1A78B52543A97700A46084 /* WeathersStub.swift */,
				AF26829225443C43005CC7D3 /* weatherDetail.json */,
				AF26829425443C43005CC7D3 /* weatherList.json */,
				AF26829325443C43005CC7D3 /* weeklyWeather.json */,
			);
			path = Stubs;
			sourceTree = "<group>";
		};
		AF46B051254563B400130B94 /* DateExtensions */ = {
			isa = PBXGroup;
			children = (
				AF46B052254563DB00130B94 /* Date+Extension.swift */,
				AF46B054254564D600130B94 /* DateFormatter+Extension.swift */,
			);
			path = DateExtensions;
			sourceTree = "<group>";
		};
		AF4809E42518CBC500AC4743 /* View */ = {
			isa = PBXGroup;
			children = (
				AFC84EA92529C213007F8D5F /* WeatherList */,
				AF4809E52518CBC500AC4743 /* WeeklyWeather */,
				AF4809EC2518CBC500AC4743 /* CurrentWeather */,
			);
			path = View;
			sourceTree = "<group>";
		};
		AF4809E52518CBC500AC4743 /* WeeklyWeather */ = {
			isa = PBXGroup;
			children = (
				AF4809F72518CBC500AC4743 /* DailyWeatherCell.swift */,
				AF4809E62518CBC500AC4743 /* WeeklyWeatherView.swift */,
			);
			path = WeeklyWeather;
			sourceTree = "<group>";
		};
		AF4809EC2518CBC500AC4743 /* CurrentWeather */ = {
			isa = PBXGroup;
			children = (
				AF4809EF2518CBC500AC4743 /* CurrentWeatherView.swift */,
				AF4809FB2518CBC500AC4743 /* CurrentWeatherCell.swift */,
			);
			path = CurrentWeather;
			sourceTree = "<group>";
		};
		AF4809F12518CBC500AC4743 /* ViewModel */ = {
			isa = PBXGroup;
			children = (
				AFC84EA82529C200007F8D5F /* WeatherList */,
				AF4809F22518CBC500AC4743 /* WeeklyWeather */,
				AF4809F92518CBC500AC4743 /* CurrentWeather */,
			);
			path = ViewModel;
			sourceTree = "<group>";
		};
		AF4809F22518CBC500AC4743 /* WeeklyWeather */ = {
			isa = PBXGroup;
			children = (
				AF4809F62518CBC500AC4743 /* WeeklyWeatherViewModel.swift */,
				AF4809F52518CBC500AC4743 /* WeeklyWeatherDTO.swift */,
			);
			path = WeeklyWeather;
			sourceTree = "<group>";
		};
		AF4809F92518CBC500AC4743 /* CurrentWeather */ = {
			isa = PBXGroup;
			children = (
				AF4809FA2518CBC500AC4743 /* CurrentWeatherViewModel.swift */,
				AF68A52825196CE000D6341C /* CurrentWeatherDTO.swift */,
			);
			path = CurrentWeather;
			sourceTree = "<group>";
		};
		AF480A122518CC9500AC4743 /* Builder */ = {
			isa = PBXGroup;
			children = (
				AF4809F42518CBC500AC4743 /* WeeklyWeatherBuilder.swift */,
				AFEA6C1A2519F61800F79920 /* WeeklyWeatherViewModel+Extension.swift */,
			);
			path = Builder;
			sourceTree = "<group>";
		};
		AF7C80FB254790F20072DEE7 /* NetworkLayer */ = {
			isa = PBXGroup;
			children = (
				AF7C80FC2547989F0072DEE7 /* WeatherNetworkingTests.swift */,
			);
			path = NetworkLayer;
			sourceTree = "<group>";
		};
		AF80C6F9250F8404008CC45B /* NetworkLayer */ = {
			isa = PBXGroup;
			children = (
				AF80C6FA250F8404008CC45B /* Core */,
				AF80C6FF250F8404008CC45B /* Models */,
				AF80C701250F8404008CC45B /* Services */,
			);
			path = NetworkLayer;
			sourceTree = "<group>";
		};
		AF80C6FA250F8404008CC45B /* Core */ = {
			isa = PBXGroup;
			children = (
				AF80C6FB250F8404008CC45B /* NetworkService.swift */,
				AF80C6FC250F8404008CC45B /* Resource.swift */,
				AF80C6FD250F8404008CC45B /* URL+Extensions.swift */,
				AF80C6FE250F8404008CC45B /* NetworkError.swift */,
			);
			path = Core;
			sourceTree = "<group>";
		};
		AF80C6FF250F8404008CC45B /* Models */ = {
			isa = PBXGroup;
			children = (
				AF10867F25171E0C007407E8 /* WeeklyWeatherResponse.swift */,
				AF10867A25171AB7007407E8 /* WeatherResult.swift */,
				AF10868125171EED007407E8 /* CurrentWeatherResponse.swift */,
				AFC84EA625296864007F8D5F /* CityWeatherListResponse.swift */,
				AF10867C25171B16007407E8 /* Common */,
			);
			path = Models;
			sourceTree = "<group>";
		};
		AF80C701250F8404008CC45B /* Services */ = {
			isa = PBXGroup;
			children = (
				AF10868325171F78007407E8 /* WeatherNetworking.swift */,
			);
			path = Services;
			sourceTree = "<group>";
		};
		AF80C709250F8667008CC45B /* Combine+Extensions */ = {
			isa = PBXGroup;
			children = (
				AF80C70A250F8667008CC45B /* Publisher+Extensions.swift */,
				AF80C70B250F8667008CC45B /* Scheduler.swift */,
				AF18330E2560943D00D8751A /* Cancellable+Extensions.swift */,
			);
			path = "Combine+Extensions";
			sourceTree = "<group>";
		};
		AF83E68B251B5F3F0087A171 /* Extensions */ = {
			isa = PBXGroup;
			children = (
				AF46B051254563B400130B94 /* DateExtensions */,
				AF80C709250F8667008CC45B /* Combine+Extensions */,
				AFEA6C162519E8E200F79920 /* RoundSinglePlace.swift */,
				AFF9E272250E439A0033F0C4 /* Array Extensions */,
			);
			path = Extensions;
			sourceTree = "<group>";
		};
		AF983F092543690A002D9EC4 /* ViewModel */ = {
			isa = PBXGroup;
			children = (
				AF983F0D2543690A002D9EC4 /* WeatherList */,
				AF983F0A2543690A002D9EC4 /* WeeklyWeather */,
				AF983F102543690A002D9EC4 /* CurrentWeather */,
			);
			path = ViewModel;
			sourceTree = "<group>";
		};
		AF983F0A2543690A002D9EC4 /* WeeklyWeather */ = {
			isa = PBXGroup;
			children = (
				AF983F1B2543693E002D9EC4 /* WeeklyWeatherViewModelTests.swift */,
				AF983F1925436931002D9EC4 /* WeeklyWeatherDTOTests.swift */,
			);
			path = WeeklyWeather;
			sourceTree = "<group>";
		};
		AF983F0D2543690A002D9EC4 /* WeatherList */ = {
			isa = PBXGroup;
			children = (
				AF983F1D2543697B002D9EC4 /* WeatherListViewModelTests.swift */,
				AF983F1F25436987002D9EC4 /* WeatherListDTOTests.swift */,
			);
			path = WeatherList;
			sourceTree = "<group>";
		};
		AF983F102543690A002D9EC4 /* CurrentWeather */ = {
			isa = PBXGroup;
			children = (
				AF983F21254369E0002D9EC4 /* CurrentWeatherViewModelTests.swift */,
				AF983F23254369EE002D9EC4 /* CurrentWeatherDTOTests.swift */,
			);
			path = CurrentWeather;
			sourceTree = "<group>";
		};
		AFC84EA82529C200007F8D5F /* WeatherList */ = {
			isa = PBXGroup;
			children = (
				AFC84EB02529C29F007F8D5F /* WeatherListViewModel.swift */,
				AFC84EB22529C2AA007F8D5F /* WeatherListDTO.swift */,
			);
			path = WeatherList;
			sourceTree = "<group>";
		};
		AFC84EA92529C213007F8D5F /* WeatherList */ = {
			isa = PBXGroup;
			children = (
				AFC84EAC2529C25A007F8D5F /* WeatherListCell.swift */,
				AFC84EAE2529C270007F8D5F /* WeatherListView.swift */,
			);
			path = WeatherList;
			sourceTree = "<group>";
		};
		AFD5316425312D50002CAFE1 /* Resources */ = {
			isa = PBXGroup;
			children = (
				AFF6D6E32535C2F100D004C3 /* Assets */,
				AFF6D6E12535C2F100D004C3 /* Colors */,
				AFF6D6DD2535C2F100D004C3 /* Fonts */,
				AFD5316525312D50002CAFE1 /* JsonFile */,
				AFF6D6E62535C2F100D004C3 /* Strings */,
			);
			path = Resources;
			sourceTree = "<group>";
		};
		AFD5316525312D50002CAFE1 /* JsonFile */ = {
			isa = PBXGroup;
			children = (
				AFD5316625312D50002CAFE1 /* weeklyWeather.json */,
				AFD5316725312D50002CAFE1 /* weatherDetail.json */,
				AFD5316825312D50002CAFE1 /* weatherList.json */,
			);
			path = JsonFile;
			sourceTree = "<group>";
		};
		AFD5316F25312EEB002CAFE1 /* PreviewHelpers */ = {
			isa = PBXGroup;
			children = (
				AFD5317025312EFF002CAFE1 /* WeatherNetworkingPreviewHelpers.swift */,
			);
			path = PreviewHelpers;
			sourceTree = "<group>";
		};
		AFF6D6DD2535C2F100D004C3 /* Fonts */ = {
			isa = PBXGroup;
			children = (
				AFF6D6DE2535C2F100D004C3 /* ApexRounded-Book.otf */,
				AFF6D6DF2535C2F100D004C3 /* ApexRounded-Medium.otf */,
				AFF6D6E02535C2F100D004C3 /* ApexRounded-Heavy.otf */,
			);
			path = Fonts;
			sourceTree = "<group>";
		};
		AFF6D6E12535C2F100D004C3 /* Colors */ = {
			isa = PBXGroup;
			children = (
				AFF6D6E22535C2F100D004C3 /* StandardColors.txt */,
			);
			path = Colors;
			sourceTree = "<group>";
		};
		AFF6D6E32535C2F100D004C3 /* Assets */ = {
			isa = PBXGroup;
			children = (
				AFF6D6E42535C2F100D004C3 /* Assets.xcassets */,
				AFF6D6E52535C2F100D004C3 /* ColorsAssets.xcassets */,
			);
			path = Assets;
			sourceTree = "<group>";
		};
		AFF6D6E62535C2F100D004C3 /* Strings */ = {
			isa = PBXGroup;
			children = (
				AFF6D6F12535C48000D004C3 /* WeatherList.strings */,
				AFF6D6F52535C4AF00D004C3 /* WeeklyWeather.strings */,
			);
			path = Strings;
			sourceTree = "<group>";
		};
		AFF9E235250E3EE20033F0C4 = {
			isa = PBXGroup;
			children = (
				AF8E47432544440800C45B9A /* Cuckoo-GeneratedMocks.sh */,
				AF8E4741254443FD00C45B9A /* generate-swiftgen.sh */,
				AF1C3EDB25370B4D0041DDE0 /* swiftgen.yml */,
				AFF9E240250E3EE20033F0C4 /* WeatherCombine */,
				AFF9E257250E3EE30033F0C4 /* WeatherCombineTests */,
				AFF9E262250E3EE30033F0C4 /* WeatherCombineUITests */,
				AFF9E23F250E3EE20033F0C4 /* Products */,
				4892419250957A30B6567689 /* Pods */,
				737A1AA819CB99AEDEBA3544 /* Frameworks */,
			);
			sourceTree = "<group>";
		};
		AFF9E23F250E3EE20033F0C4 /* Products */ = {
			isa = PBXGroup;
			children = (
				AFF9E23E250E3EE20033F0C4 /* WeatherCombine.app */,
				AFF9E254250E3EE30033F0C4 /* WeatherCombineTests.xctest */,
				AFF9E25F250E3EE30033F0C4 /* WeatherCombineUITests.xctest */,
			);
			name = Products;
			sourceTree = "<group>";
		};
		AFF9E240250E3EE20033F0C4 /* WeatherCombine */ = {
			isa = PBXGroup;
			children = (
				AF80C6F9250F8404008CC45B /* NetworkLayer */,
				AF480A122518CC9500AC4743 /* Builder */,
				AF4809F12518CBC500AC4743 /* ViewModel */,
				AF4809E42518CBC500AC4743 /* View */,
				AFF9E271250E439A0033F0C4 /* Utility */,
				AFD5316425312D50002CAFE1 /* Resources */,
				AFD5316F25312EEB002CAFE1 /* PreviewHelpers */,
				AFF9E241250E3EE20033F0C4 /* AppDelegate.swift */,
				AFF9E243250E3EE20033F0C4 /* SceneDelegate.swift */,
				AFF9E245250E3EE20033F0C4 /* ContentView.swift */,
				AFF9E24C250E3EE30033F0C4 /* LaunchScreen.storyboard */,
				AFF9E24F250E3EE30033F0C4 /* Info.plist */,
				AFF9E249250E3EE30033F0C4 /* Preview Content */,
			);
			path = WeatherCombine;
			sourceTree = "<group>";
		};
		AFF9E249250E3EE30033F0C4 /* Preview Content */ = {
			isa = PBXGroup;
			children = (
				AFF9E24A250E3EE30033F0C4 /* Preview Assets.xcassets */,
			);
			path = "Preview Content";
			sourceTree = "<group>";
		};
		AFF9E257250E3EE30033F0C4 /* WeatherCombineTests */ = {
			isa = PBXGroup;
			children = (
				AF8E4745254444E200C45B9A /* GeneratedMocks.swift */,
				AF1A78AE2543A92E00A46084 /* Stubs */,
				AF983F092543690A002D9EC4 /* ViewModel */,
				AF7C80FB254790F20072DEE7 /* NetworkLayer */,
				AFF9E258250E3EE30033F0C4 /* WeatherCombineTests.swift */,
				AFF9E25A250E3EE30033F0C4 /* Info.plist */,
				AF1A78AC2543A75800A46084 /* XCTestCase+Extension.swift */,
			);
			path = WeatherCombineTests;
			sourceTree = "<group>";
		};
		AFF9E262250E3EE30033F0C4 /* WeatherCombineUITests */ = {
			isa = PBXGroup;
			children = (
				AFF9E263250E3EE30033F0C4 /* WeatherCombineUITests.swift */,
				AFF9E265250E3EE30033F0C4 /* Info.plist */,
			);
			path = WeatherCombineUITests;
			sourceTree = "<group>";
		};
		AFF9E271250E439A0033F0C4 /* Utility */ = {
			isa = PBXGroup;
			children = (
				AF83E68B251B5F3F0087A171 /* Extensions */,
				AFF9E276250E439A0033F0C4 /* DateFormatter */,
				AFF9E274250E439A0033F0C4 /* UI */,
			);
			path = Utility;
			sourceTree = "<group>";
		};
		AFF9E272250E439A0033F0C4 /* Array Extensions */ = {
			isa = PBXGroup;
			children = (
				AFF9E273250E439A0033F0C4 /* Array+Filtering.swift */,
			);
			path = "Array Extensions";
			sourceTree = "<group>";
		};
		AFF9E274250E439A0033F0C4 /* UI */ = {
			isa = PBXGroup;
			children = (
				AFF9E275250E439A0033F0C4 /* MapView.swift */,
			);
			path = UI;
			sourceTree = "<group>";
		};
		AFF9E276250E439A0033F0C4 /* DateFormatter */ = {
			isa = PBXGroup;
			children = (
				AFF9E277250E439A0033F0C4 /* DateFormatters.swift */,
			);
			path = DateFormatter;
			sourceTree = "<group>";
		};
/* End PBXGroup section */

/* Begin PBXNativeTarget section */
		AFF9E23D250E3EE20033F0C4 /* WeatherCombine */ = {
			isa = PBXNativeTarget;
			buildConfigurationList = AFF9E268250E3EE30033F0C4 /* Build configuration list for PBXNativeTarget "WeatherCombine" */;
			buildPhases = (
				BE52719DA0E1A99A9165BC79 /* [CP] Check Pods Manifest.lock */,
				AFF9E23A250E3EE20033F0C4 /* Sources */,
				AFF9E23B250E3EE20033F0C4 /* Frameworks */,
				AFF9E23C250E3EE20033F0C4 /* Resources */,
				E451905187812A239A936498 /* [CP] Embed Pods Frameworks */,
			);
			buildRules = (
			);
			dependencies = (
			);
			name = WeatherCombine;
			productName = WeatherCombine;
			productReference = AFF9E23E250E3EE20033F0C4 /* WeatherCombine.app */;
			productType = "com.apple.product-type.application";
		};
		AFF9E253250E3EE30033F0C4 /* WeatherCombineTests */ = {
			isa = PBXNativeTarget;
			buildConfigurationList = AFF9E26B250E3EE30033F0C4 /* Build configuration list for PBXNativeTarget "WeatherCombineTests" */;
			buildPhases = (
				07F2CA2264FF6C923071AA4A /* [CP] Check Pods Manifest.lock */,
				AFF9E250250E3EE30033F0C4 /* Sources */,
				AFF9E251250E3EE30033F0C4 /* Frameworks */,
				AFF9E252250E3EE30033F0C4 /* Resources */,
				B7EE10272763ADF0C637EB9A /* [CP] Embed Pods Frameworks */,
			);
			buildRules = (
			);
			dependencies = (
				AFF9E256250E3EE30033F0C4 /* PBXTargetDependency */,
			);
			name = WeatherCombineTests;
			productName = WeatherCombineTests;
			productReference = AFF9E254250E3EE30033F0C4 /* WeatherCombineTests.xctest */;
			productType = "com.apple.product-type.bundle.unit-test";
		};
		AFF9E25E250E3EE30033F0C4 /* WeatherCombineUITests */ = {
			isa = PBXNativeTarget;
			buildConfigurationList = AFF9E26E250E3EE30033F0C4 /* Build configuration list for PBXNativeTarget "WeatherCombineUITests" */;
			buildPhases = (
				D408F366D82FF9A40077E44E /* [CP] Check Pods Manifest.lock */,
				AFF9E25B250E3EE30033F0C4 /* Sources */,
				AFF9E25C250E3EE30033F0C4 /* Frameworks */,
				AFF9E25D250E3EE30033F0C4 /* Resources */,
				796CF92C8C758B5409D06115 /* [CP] Embed Pods Frameworks */,
			);
			buildRules = (
			);
			dependencies = (
				AFF9E261250E3EE30033F0C4 /* PBXTargetDependency */,
			);
			name = WeatherCombineUITests;
			productName = WeatherCombineUITests;
			productReference = AFF9E25F250E3EE30033F0C4 /* WeatherCombineUITests.xctest */;
			productType = "com.apple.product-type.bundle.ui-testing";
		};
/* End PBXNativeTarget section */

/* Begin PBXProject section */
		AFF9E236250E3EE20033F0C4 /* Project object */ = {
			isa = PBXProject;
			attributes = {
				LastSwiftUpdateCheck = 1170;
				LastUpgradeCheck = 1170;
				ORGANIZATIONNAME = "Nischal Hada";
				TargetAttributes = {
					AFF9E23D250E3EE20033F0C4 = {
						CreatedOnToolsVersion = 11.7;
					};
					AFF9E253250E3EE30033F0C4 = {
						CreatedOnToolsVersion = 11.7;
						TestTargetID = AFF9E23D250E3EE20033F0C4;
					};
					AFF9E25E250E3EE30033F0C4 = {
						CreatedOnToolsVersion = 11.7;
						TestTargetID = AFF9E23D250E3EE20033F0C4;
					};
				};
			};
			buildConfigurationList = AFF9E239250E3EE20033F0C4 /* Build configuration list for PBXProject "WeatherCombine" */;
			compatibilityVersion = "Xcode 9.3";
			developmentRegion = en;
			hasScannedForEncodings = 0;
			knownRegions = (
				en,
				Base,
			);
			mainGroup = AFF9E235250E3EE20033F0C4;
			productRefGroup = AFF9E23F250E3EE20033F0C4 /* Products */;
			projectDirPath = "";
			projectRoot = "";
			targets = (
				AFF9E23D250E3EE20033F0C4 /* WeatherCombine */,
				AFF9E253250E3EE30033F0C4 /* WeatherCombineTests */,
				AFF9E25E250E3EE30033F0C4 /* WeatherCombineUITests */,
			);
		};
/* End PBXProject section */

/* Begin PBXResourcesBuildPhase section */
		AFF9E23C250E3EE20033F0C4 /* Resources */ = {
			isa = PBXResourcesBuildPhase;
			buildActionMask = 2147483647;
			files = (
				AFF6D6E92535C2F100D004C3 /* ApexRounded-Book.otf in Resources */,
				AF1C3EDC25370B4E0041DDE0 /* swiftgen.yml in Resources */,
				AFF9E24E250E3EE30033F0C4 /* LaunchScreen.storyboard in Resources */,
				AFF6D6EE2535C2F100D004C3 /* ColorsAssets.xcassets in Resources */,
				AF8E4742254443FD00C45B9A /* generate-swiftgen.sh in Resources */,
				AFF6D6ED2535C2F100D004C3 /* Assets.xcassets in Resources */,
				AFF6D6EA2535C2F100D004C3 /* ApexRounded-Medium.otf in Resources */,
				AFF6D6EC2535C2F100D004C3 /* StandardColors.txt in Resources */,
				AFF6D6F62535C4AF00D004C3 /* WeeklyWeather.strings in Resources */,
				AFF6D6EB2535C2F100D004C3 /* ApexRounded-Heavy.otf in Resources */,
				AFF6D6F22535C48000D004C3 /* WeatherList.strings in Resources */,
				AFF9E24B250E3EE30033F0C4 /* Preview Assets.xcassets in Resources */,
				AFD5316A25312D50002CAFE1 /* weatherDetail.json in Resources */,
				AFD5316B25312D50002CAFE1 /* weatherList.json in Resources */,
				AF8E47442544440800C45B9A /* Cuckoo-GeneratedMocks.sh in Resources */,
				AFD5316925312D50002CAFE1 /* weeklyWeather.json in Resources */,
			);
			runOnlyForDeploymentPostprocessing = 0;
		};
		AFF9E252250E3EE30033F0C4 /* Resources */ = {
			isa = PBXResourcesBuildPhase;
			buildActionMask = 2147483647;
			files = (
				AF26829525443C43005CC7D3 /* weatherDetail.json in Resources */,
				AF26829725443C43005CC7D3 /* weatherList.json in Resources */,
				AF26829625443C43005CC7D3 /* weeklyWeather.json in Resources */,
			);
			runOnlyForDeploymentPostprocessing = 0;
		};
		AFF9E25D250E3EE30033F0C4 /* Resources */ = {
			isa = PBXResourcesBuildPhase;
			buildActionMask = 2147483647;
			files = (
			);
			runOnlyForDeploymentPostprocessing = 0;
		};
/* End PBXResourcesBuildPhase section */

/* Begin PBXShellScriptBuildPhase section */
		07F2CA2264FF6C923071AA4A /* [CP] Check Pods Manifest.lock */ = {
			isa = PBXShellScriptBuildPhase;
			buildActionMask = 2147483647;
			files = (
			);
			inputFileListPaths = (
			);
			inputPaths = (
				"${PODS_PODFILE_DIR_PATH}/Podfile.lock",
				"${PODS_ROOT}/Manifest.lock",
			);
			name = "[CP] Check Pods Manifest.lock";
			outputFileListPaths = (
			);
			outputPaths = (
				"$(DERIVED_FILE_DIR)/Pods-WeatherCombineTests-checkManifestLockResult.txt",
			);
			runOnlyForDeploymentPostprocessing = 0;
			shellPath = /bin/sh;
			shellScript = "diff \"${PODS_PODFILE_DIR_PATH}/Podfile.lock\" \"${PODS_ROOT}/Manifest.lock\" > /dev/null\nif [ $? != 0 ] ; then\n    # print error to STDERR\n    echo \"error: The sandbox is not in sync with the Podfile.lock. Run 'pod install' or update your CocoaPods installation.\" >&2\n    exit 1\nfi\n# This output is used by Xcode 'outputs' to avoid re-running this script phase.\necho \"SUCCESS\" > \"${SCRIPT_OUTPUT_FILE_0}\"\n";
			showEnvVarsInLog = 0;
		};
		796CF92C8C758B5409D06115 /* [CP] Embed Pods Frameworks */ = {
			isa = PBXShellScriptBuildPhase;
			buildActionMask = 2147483647;
			files = (
			);
			inputFileListPaths = (
				"${PODS_ROOT}/Target Support Files/Pods-WeatherCombine-WeatherCombineUITests/Pods-WeatherCombine-WeatherCombineUITests-frameworks-${CONFIGURATION}-input-files.xcfilelist",
			);
			name = "[CP] Embed Pods Frameworks";
			outputFileListPaths = (
				"${PODS_ROOT}/Target Support Files/Pods-WeatherCombine-WeatherCombineUITests/Pods-WeatherCombine-WeatherCombineUITests-frameworks-${CONFIGURATION}-output-files.xcfilelist",
			);
			runOnlyForDeploymentPostprocessing = 0;
			shellPath = /bin/sh;
			shellScript = "\"${PODS_ROOT}/Target Support Files/Pods-WeatherCombine-WeatherCombineUITests/Pods-WeatherCombine-WeatherCombineUITests-frameworks.sh\"\n";
			showEnvVarsInLog = 0;
		};
		B7EE10272763ADF0C637EB9A /* [CP] Embed Pods Frameworks */ = {
			isa = PBXShellScriptBuildPhase;
			buildActionMask = 2147483647;
			files = (
			);
			inputFileListPaths = (
				"${PODS_ROOT}/Target Support Files/Pods-WeatherCombineTests/Pods-WeatherCombineTests-frameworks-${CONFIGURATION}-input-files.xcfilelist",
			);
			name = "[CP] Embed Pods Frameworks";
			outputFileListPaths = (
				"${PODS_ROOT}/Target Support Files/Pods-WeatherCombineTests/Pods-WeatherCombineTests-frameworks-${CONFIGURATION}-output-files.xcfilelist",
			);
			runOnlyForDeploymentPostprocessing = 0;
			shellPath = /bin/sh;
			shellScript = "\"${PODS_ROOT}/Target Support Files/Pods-WeatherCombineTests/Pods-WeatherCombineTests-frameworks.sh\"\n";
			showEnvVarsInLog = 0;
		};
		BE52719DA0E1A99A9165BC79 /* [CP] Check Pods Manifest.lock */ = {
			isa = PBXShellScriptBuildPhase;
			buildActionMask = 2147483647;
			files = (
			);
			inputFileListPaths = (
			);
			inputPaths = (
				"${PODS_PODFILE_DIR_PATH}/Podfile.lock",
				"${PODS_ROOT}/Manifest.lock",
			);
			name = "[CP] Check Pods Manifest.lock";
			outputFileListPaths = (
			);
			outputPaths = (
				"$(DERIVED_FILE_DIR)/Pods-WeatherCombine-checkManifestLockResult.txt",
			);
			runOnlyForDeploymentPostprocessing = 0;
			shellPath = /bin/sh;
			shellScript = "diff \"${PODS_PODFILE_DIR_PATH}/Podfile.lock\" \"${PODS_ROOT}/Manifest.lock\" > /dev/null\nif [ $? != 0 ] ; then\n    # print error to STDERR\n    echo \"error: The sandbox is not in sync with the Podfile.lock. Run 'pod install' or update your CocoaPods installation.\" >&2\n    exit 1\nfi\n# This output is used by Xcode 'outputs' to avoid re-running this script phase.\necho \"SUCCESS\" > \"${SCRIPT_OUTPUT_FILE_0}\"\n";
			showEnvVarsInLog = 0;
		};
		D408F366D82FF9A40077E44E /* [CP] Check Pods Manifest.lock */ = {
			isa = PBXShellScriptBuildPhase;
			buildActionMask = 2147483647;
			files = (
			);
			inputFileListPaths = (
			);
			inputPaths = (
				"${PODS_PODFILE_DIR_PATH}/Podfile.lock",
				"${PODS_ROOT}/Manifest.lock",
			);
			name = "[CP] Check Pods Manifest.lock";
			outputFileListPaths = (
			);
			outputPaths = (
				"$(DERIVED_FILE_DIR)/Pods-WeatherCombine-WeatherCombineUITests-checkManifestLockResult.txt",
			);
			runOnlyForDeploymentPostprocessing = 0;
			shellPath = /bin/sh;
			shellScript = "diff \"${PODS_PODFILE_DIR_PATH}/Podfile.lock\" \"${PODS_ROOT}/Manifest.lock\" > /dev/null\nif [ $? != 0 ] ; then\n    # print error to STDERR\n    echo \"error: The sandbox is not in sync with the Podfile.lock. Run 'pod install' or update your CocoaPods installation.\" >&2\n    exit 1\nfi\n# This output is used by Xcode 'outputs' to avoid re-running this script phase.\necho \"SUCCESS\" > \"${SCRIPT_OUTPUT_FILE_0}\"\n";
			showEnvVarsInLog = 0;
		};
		E451905187812A239A936498 /* [CP] Embed Pods Frameworks */ = {
			isa = PBXShellScriptBuildPhase;
			buildActionMask = 2147483647;
			files = (
			);
			inputFileListPaths = (
				"${PODS_ROOT}/Target Support Files/Pods-WeatherCombine/Pods-WeatherCombine-frameworks-${CONFIGURATION}-input-files.xcfilelist",
			);
			name = "[CP] Embed Pods Frameworks";
			outputFileListPaths = (
				"${PODS_ROOT}/Target Support Files/Pods-WeatherCombine/Pods-WeatherCombine-frameworks-${CONFIGURATION}-output-files.xcfilelist",
			);
			runOnlyForDeploymentPostprocessing = 0;
			shellPath = /bin/sh;
			shellScript = "\"${PODS_ROOT}/Target Support Files/Pods-WeatherCombine/Pods-WeatherCombine-frameworks.sh\"\n";
			showEnvVarsInLog = 0;
		};
/* End PBXShellScriptBuildPhase section */

/* Begin PBXSourcesBuildPhase section */
		AFF9E23A250E3EE20033F0C4 /* Sources */ = {
			isa = PBXSourcesBuildPhase;
			buildActionMask = 2147483647;
			files = (
				AF18330F2560943D00D8751A /* Cancellable+Extensions.swift in Sources */,
				AF68A52925196CE000D6341C /* CurrentWeatherDTO.swift in Sources */,
				AFC84EAF2529C270007F8D5F /* WeatherListView.swift in Sources */,
				AF480A0B2518CBC500AC4743 /* WeeklyWeatherViewModel.swift in Sources */,
				AF480A062518CBC500AC4743 /* CurrentWeatherView.swift in Sources */,
				AF80C706250F8404008CC45B /* NetworkError.swift in Sources */,
				AFF9E27C250E439A0033F0C4 /* DateFormatters.swift in Sources */,
				AFC84EAD2529C25A007F8D5F /* WeatherListCell.swift in Sources */,
				AFEA6C172519E8E200F79920 /* RoundSinglePlace.swift in Sources */,
				AF480A0F2518CBC500AC4743 /* CurrentWeatherCell.swift in Sources */,
				AF10868225171EED007407E8 /* CurrentWeatherResponse.swift in Sources */,
				AF4809FE2518CBC500AC4743 /* WeeklyWeatherView.swift in Sources */,
				AFC84EB32529C2AA007F8D5F /* WeatherListDTO.swift in Sources */,
				AF80C704250F8404008CC45B /* Resource.swift in Sources */,
				AFF9E242250E3EE20033F0C4 /* AppDelegate.swift in Sources */,
				AF46B055254564D600130B94 /* DateFormatter+Extension.swift in Sources */,
				AFC84EB12529C29F007F8D5F /* WeatherListViewModel.swift in Sources */,
				AF80C705250F8404008CC45B /* URL+Extensions.swift in Sources */,
				AF480A0E2518CBC500AC4743 /* CurrentWeatherViewModel.swift in Sources */,
				AF80C703250F8404008CC45B /* NetworkService.swift in Sources */,
				AF10868425171F78007407E8 /* WeatherNetworking.swift in Sources */,
				AF10867E25171D1B007407E8 /* CommonModel.swift in Sources */,
				AFC84EA725296864007F8D5F /* CityWeatherListResponse.swift in Sources */,
				AFF9E244250E3EE20033F0C4 /* SceneDelegate.swift in Sources */,
				AFF9E27B250E439A0033F0C4 /* MapView.swift in Sources */,
				AFD5317125312EFF002CAFE1 /* WeatherNetworkingPreviewHelpers.swift in Sources */,
				AF80C70D250F8667008CC45B /* Scheduler.swift in Sources */,
				AF46B053254563DB00130B94 /* Date+Extension.swift in Sources */,
				AF80C70C250F8667008CC45B /* Publisher+Extensions.swift in Sources */,
				AFF9E27A250E439A0033F0C4 /* Array+Filtering.swift in Sources */,
				AF480A092518CBC500AC4743 /* WeeklyWeatherBuilder.swift in Sources */,
				AF10868025171E0C007407E8 /* WeeklyWeatherResponse.swift in Sources */,
				AFEA6C1B2519F61800F79920 /* WeeklyWeatherViewModel+Extension.swift in Sources */,
				AF480A0A2518CBC500AC4743 /* WeeklyWeatherDTO.swift in Sources */,
				AF10867B25171AB7007407E8 /* WeatherResult.swift in Sources */,
				AFF9E246250E3EE20033F0C4 /* ContentView.swift in Sources */,
				AF480A0C2518CBC500AC4743 /* DailyWeatherCell.swift in Sources */,
			);
			runOnlyForDeploymentPostprocessing = 0;
		};
		AFF9E250250E3EE30033F0C4 /* Sources */ = {
			isa = PBXSourcesBuildPhase;
			buildActionMask = 2147483647;
			files = (
				AF983F2025436987002D9EC4 /* WeatherListDTOTests.swift in Sources */,
				AF983F1A25436931002D9EC4 /* WeeklyWeatherDTOTests.swift in Sources */,
				AF983F22254369E0002D9EC4 /* CurrentWeatherViewModelTests.swift in Sources */,
				AFF9E259250E3EE30033F0C4 /* WeatherCombineTests.swift in Sources */,
				AF1A78AD2543A75800A46084 /* XCTestCase+Extension.swift in Sources */,
				AF983F1E2543697B002D9EC4 /* WeatherListViewModelTests.swift in Sources */,
				AF1A78B62543A97700A46084 /* WeathersStub.swift in Sources */,
				AF983F24254369EE002D9EC4 /* CurrentWeatherDTOTests.swift in Sources */,
				AF7C80FD2547989F0072DEE7 /* WeatherNetworkingTests.swift in Sources */,
				AF983F1C2543693E002D9EC4 /* WeeklyWeatherViewModelTests.swift in Sources */,
				AF8E4746254444E200C45B9A /* GeneratedMocks.swift in Sources */,
			);
			runOnlyForDeploymentPostprocessing = 0;
		};
		AFF9E25B250E3EE30033F0C4 /* Sources */ = {
			isa = PBXSourcesBuildPhase;
			buildActionMask = 2147483647;
			files = (
				AFF9E264250E3EE30033F0C4 /* WeatherCombineUITests.swift in Sources */,
			);
			runOnlyForDeploymentPostprocessing = 0;
		};
/* End PBXSourcesBuildPhase section */

/* Begin PBXTargetDependency section */
		AFF9E256250E3EE30033F0C4 /* PBXTargetDependency */ = {
			isa = PBXTargetDependency;
			target = AFF9E23D250E3EE20033F0C4 /* WeatherCombine */;
			targetProxy = AFF9E255250E3EE30033F0C4 /* PBXContainerItemProxy */;
		};
		AFF9E261250E3EE30033F0C4 /* PBXTargetDependency */ = {
			isa = PBXTargetDependency;
			target = AFF9E23D250E3EE20033F0C4 /* WeatherCombine */;
			targetProxy = AFF9E260250E3EE30033F0C4 /* PBXContainerItemProxy */;
		};
/* End PBXTargetDependency section */

/* Begin PBXVariantGroup section */
		AFF9E24C250E3EE30033F0C4 /* LaunchScreen.storyboard */ = {
			isa = PBXVariantGroup;
			children = (
				AFF9E24D250E3EE30033F0C4 /* Base */,
			);
			name = LaunchScreen.storyboard;
			sourceTree = "<group>";
		};
/* End PBXVariantGroup section */

/* Begin XCBuildConfiguration section */
		AFF9E266250E3EE30033F0C4 /* Debug */ = {
			isa = XCBuildConfiguration;
			buildSettings = {
				ALWAYS_SEARCH_USER_PATHS = NO;
				CLANG_ANALYZER_NONNULL = YES;
				CLANG_ANALYZER_NUMBER_OBJECT_CONVERSION = YES_AGGRESSIVE;
				CLANG_CXX_LANGUAGE_STANDARD = "gnu++14";
				CLANG_CXX_LIBRARY = "libc++";
				CLANG_ENABLE_MODULES = YES;
				CLANG_ENABLE_OBJC_ARC = YES;
				CLANG_ENABLE_OBJC_WEAK = YES;
				CLANG_WARN_BLOCK_CAPTURE_AUTORELEASING = YES;
				CLANG_WARN_BOOL_CONVERSION = YES;
				CLANG_WARN_COMMA = YES;
				CLANG_WARN_CONSTANT_CONVERSION = YES;
				CLANG_WARN_DEPRECATED_OBJC_IMPLEMENTATIONS = YES;
				CLANG_WARN_DIRECT_OBJC_ISA_USAGE = YES_ERROR;
				CLANG_WARN_DOCUMENTATION_COMMENTS = YES;
				CLANG_WARN_EMPTY_BODY = YES;
				CLANG_WARN_ENUM_CONVERSION = YES;
				CLANG_WARN_INFINITE_RECURSION = YES;
				CLANG_WARN_INT_CONVERSION = YES;
				CLANG_WARN_NON_LITERAL_NULL_CONVERSION = YES;
				CLANG_WARN_OBJC_IMPLICIT_RETAIN_SELF = YES;
				CLANG_WARN_OBJC_LITERAL_CONVERSION = YES;
				CLANG_WARN_OBJC_ROOT_CLASS = YES_ERROR;
				CLANG_WARN_RANGE_LOOP_ANALYSIS = YES;
				CLANG_WARN_STRICT_PROTOTYPES = YES;
				CLANG_WARN_SUSPICIOUS_MOVE = YES;
				CLANG_WARN_UNGUARDED_AVAILABILITY = YES_AGGRESSIVE;
				CLANG_WARN_UNREACHABLE_CODE = YES;
				CLANG_WARN__DUPLICATE_METHOD_MATCH = YES;
				COPY_PHASE_STRIP = NO;
				DEBUG_INFORMATION_FORMAT = dwarf;
				ENABLE_STRICT_OBJC_MSGSEND = YES;
				ENABLE_TESTABILITY = YES;
				GCC_C_LANGUAGE_STANDARD = gnu11;
				GCC_DYNAMIC_NO_PIC = NO;
				GCC_NO_COMMON_BLOCKS = YES;
				GCC_OPTIMIZATION_LEVEL = 0;
				GCC_PREPROCESSOR_DEFINITIONS = (
					"DEBUG=1",
					"$(inherited)",
				);
				GCC_WARN_64_TO_32_BIT_CONVERSION = YES;
				GCC_WARN_ABOUT_RETURN_TYPE = YES_ERROR;
				GCC_WARN_UNDECLARED_SELECTOR = YES;
				GCC_WARN_UNINITIALIZED_AUTOS = YES_AGGRESSIVE;
				GCC_WARN_UNUSED_FUNCTION = YES;
				GCC_WARN_UNUSED_VARIABLE = YES;
				IPHONEOS_DEPLOYMENT_TARGET = 13.7;
				MTL_ENABLE_DEBUG_INFO = INCLUDE_SOURCE;
				MTL_FAST_MATH = YES;
				ONLY_ACTIVE_ARCH = YES;
				SDKROOT = iphoneos;
				SWIFT_ACTIVE_COMPILATION_CONDITIONS = DEBUG;
				SWIFT_OPTIMIZATION_LEVEL = "-Onone";
			};
			name = Debug;
		};
		AFF9E267250E3EE30033F0C4 /* Release */ = {
			isa = XCBuildConfiguration;
			buildSettings = {
				ALWAYS_SEARCH_USER_PATHS = NO;
				CLANG_ANALYZER_NONNULL = YES;
				CLANG_ANALYZER_NUMBER_OBJECT_CONVERSION = YES_AGGRESSIVE;
				CLANG_CXX_LANGUAGE_STANDARD = "gnu++14";
				CLANG_CXX_LIBRARY = "libc++";
				CLANG_ENABLE_MODULES = YES;
				CLANG_ENABLE_OBJC_ARC = YES;
				CLANG_ENABLE_OBJC_WEAK = YES;
				CLANG_WARN_BLOCK_CAPTURE_AUTORELEASING = YES;
				CLANG_WARN_BOOL_CONVERSION = YES;
				CLANG_WARN_COMMA = YES;
				CLANG_WARN_CONSTANT_CONVERSION = YES;
				CLANG_WARN_DEPRECATED_OBJC_IMPLEMENTATIONS = YES;
				CLANG_WARN_DIRECT_OBJC_ISA_USAGE = YES_ERROR;
				CLANG_WARN_DOCUMENTATION_COMMENTS = YES;
				CLANG_WARN_EMPTY_BODY = YES;
				CLANG_WARN_ENUM_CONVERSION = YES;
				CLANG_WARN_INFINITE_RECURSION = YES;
				CLANG_WARN_INT_CONVERSION = YES;
				CLANG_WARN_NON_LITERAL_NULL_CONVERSION = YES;
				CLANG_WARN_OBJC_IMPLICIT_RETAIN_SELF = YES;
				CLANG_WARN_OBJC_LITERAL_CONVERSION = YES;
				CLANG_WARN_OBJC_ROOT_CLASS = YES_ERROR;
				CLANG_WARN_RANGE_LOOP_ANALYSIS = YES;
				CLANG_WARN_STRICT_PROTOTYPES = YES;
				CLANG_WARN_SUSPICIOUS_MOVE = YES;
				CLANG_WARN_UNGUARDED_AVAILABILITY = YES_AGGRESSIVE;
				CLANG_WARN_UNREACHABLE_CODE = YES;
				CLANG_WARN__DUPLICATE_METHOD_MATCH = YES;
				COPY_PHASE_STRIP = NO;
				DEBUG_INFORMATION_FORMAT = "dwarf-with-dsym";
				ENABLE_NS_ASSERTIONS = NO;
				ENABLE_STRICT_OBJC_MSGSEND = YES;
				GCC_C_LANGUAGE_STANDARD = gnu11;
				GCC_NO_COMMON_BLOCKS = YES;
				GCC_WARN_64_TO_32_BIT_CONVERSION = YES;
				GCC_WARN_ABOUT_RETURN_TYPE = YES_ERROR;
				GCC_WARN_UNDECLARED_SELECTOR = YES;
				GCC_WARN_UNINITIALIZED_AUTOS = YES_AGGRESSIVE;
				GCC_WARN_UNUSED_FUNCTION = YES;
				GCC_WARN_UNUSED_VARIABLE = YES;
				IPHONEOS_DEPLOYMENT_TARGET = 13.7;
				MTL_ENABLE_DEBUG_INFO = NO;
				MTL_FAST_MATH = YES;
				SDKROOT = iphoneos;
				SWIFT_COMPILATION_MODE = wholemodule;
				SWIFT_OPTIMIZATION_LEVEL = "-O";
				VALIDATE_PRODUCT = YES;
			};
			name = Release;
		};
		AFF9E269250E3EE30033F0C4 /* Debug */ = {
			isa = XCBuildConfiguration;
			baseConfigurationReference = 9A7F728AD79526846C0906E7 /* Pods-WeatherCombine.debug.xcconfig */;
			buildSettings = {
				ASSETCATALOG_COMPILER_APPICON_NAME = AppIcon;
				CODE_SIGN_STYLE = Automatic;
				DEVELOPMENT_ASSET_PATHS = "\"WeatherCombine/Preview Content\"";
				ENABLE_PREVIEWS = YES;
				INFOPLIST_FILE = WeatherCombine/Info.plist;
				LD_RUNPATH_SEARCH_PATHS = (
					"$(inherited)",
					"@executable_path/Frameworks",
				);
				PRODUCT_BUNDLE_IDENTIFIER = com.hadanischal.WeatherCombine;
				PRODUCT_NAME = "$(TARGET_NAME)";
				SWIFT_VERSION = 5.0;
				TARGETED_DEVICE_FAMILY = "1,2";
			};
			name = Debug;
		};
		AFF9E26A250E3EE30033F0C4 /* Release */ = {
			isa = XCBuildConfiguration;
			baseConfigurationReference = 0C207CFEB3CB3D261B912F18 /* Pods-WeatherCombine.release.xcconfig */;
			buildSettings = {
				ASSETCATALOG_COMPILER_APPICON_NAME = AppIcon;
				CODE_SIGN_STYLE = Automatic;
				DEVELOPMENT_ASSET_PATHS = "\"WeatherCombine/Preview Content\"";
				ENABLE_PREVIEWS = YES;
				INFOPLIST_FILE = WeatherCombine/Info.plist;
				LD_RUNPATH_SEARCH_PATHS = (
					"$(inherited)",
					"@executable_path/Frameworks",
				);
				PRODUCT_BUNDLE_IDENTIFIER = com.hadanischal.WeatherCombine;
				PRODUCT_NAME = "$(TARGET_NAME)";
				SWIFT_VERSION = 5.0;
				TARGETED_DEVICE_FAMILY = "1,2";
			};
			name = Release;
		};
		AFF9E26C250E3EE30033F0C4 /* Debug */ = {
			isa = XCBuildConfiguration;
			baseConfigurationReference = 827FC6AB8F5C2900DB879136 /* Pods-WeatherCombineTests.debug.xcconfig */;
			buildSettings = {
				ALWAYS_EMBED_SWIFT_STANDARD_LIBRARIES = YES;
				BUNDLE_LOADER = "$(TEST_HOST)";
				CODE_SIGN_STYLE = Automatic;
				INFOPLIST_FILE = WeatherCombineTests/Info.plist;
				IPHONEOS_DEPLOYMENT_TARGET = 13.7;
				LD_RUNPATH_SEARCH_PATHS = (
					"$(inherited)",
					"@executable_path/Frameworks",
					"@loader_path/Frameworks",
				);
				PRODUCT_BUNDLE_IDENTIFIER = com.hadanischal.WeatherCombineTests;
				PRODUCT_NAME = "$(TARGET_NAME)";
				SWIFT_VERSION = 5.0;
				TARGETED_DEVICE_FAMILY = "1,2";
				TEST_HOST = "$(BUILT_PRODUCTS_DIR)/WeatherCombine.app/WeatherCombine";
			};
			name = Debug;
		};
		AFF9E26D250E3EE30033F0C4 /* Release */ = {
			isa = XCBuildConfiguration;
			baseConfigurationReference = 5EB45D6DBCB0CA32FDB5F783 /* Pods-WeatherCombineTests.release.xcconfig */;
			buildSettings = {
				ALWAYS_EMBED_SWIFT_STANDARD_LIBRARIES = YES;
				BUNDLE_LOADER = "$(TEST_HOST)";
				CODE_SIGN_STYLE = Automatic;
				INFOPLIST_FILE = WeatherCombineTests/Info.plist;
				IPHONEOS_DEPLOYMENT_TARGET = 13.7;
				LD_RUNPATH_SEARCH_PATHS = (
					"$(inherited)",
					"@executable_path/Frameworks",
					"@loader_path/Frameworks",
				);
				PRODUCT_BUNDLE_IDENTIFIER = com.hadanischal.WeatherCombineTests;
				PRODUCT_NAME = "$(TARGET_NAME)";
				SWIFT_VERSION = 5.0;
				TARGETED_DEVICE_FAMILY = "1,2";
				TEST_HOST = "$(BUILT_PRODUCTS_DIR)/WeatherCombine.app/WeatherCombine";
			};
			name = Release;
		};
		AFF9E26F250E3EE30033F0C4 /* Debug */ = {
			isa = XCBuildConfiguration;
			baseConfigurationReference = 5DB2609A606097E9CAAD35F2 /* Pods-WeatherCombine-WeatherCombineUITests.debug.xcconfig */;
			buildSettings = {
				ALWAYS_EMBED_SWIFT_STANDARD_LIBRARIES = YES;
				CODE_SIGN_STYLE = Automatic;
				INFOPLIST_FILE = WeatherCombineUITests/Info.plist;
				LD_RUNPATH_SEARCH_PATHS = (
					"$(inherited)",
					"@executable_path/Frameworks",
					"@loader_path/Frameworks",
				);
				PRODUCT_BUNDLE_IDENTIFIER = com.hadanischal.WeatherCombineUITests;
				PRODUCT_NAME = "$(TARGET_NAME)";
				SWIFT_VERSION = 5.0;
				TARGETED_DEVICE_FAMILY = "1,2";
				TEST_TARGET_NAME = WeatherCombine;
			};
			name = Debug;
		};
		AFF9E270250E3EE30033F0C4 /* Release */ = {
			isa = XCBuildConfiguration;
			baseConfigurationReference = CAD54E2BCCF3AF403B970BB2 /* Pods-WeatherCombine-WeatherCombineUITests.release.xcconfig */;
			buildSettings = {
				ALWAYS_EMBED_SWIFT_STANDARD_LIBRARIES = YES;
				CODE_SIGN_STYLE = Automatic;
				INFOPLIST_FILE = WeatherCombineUITests/Info.plist;
				LD_RUNPATH_SEARCH_PATHS = (
					"$(inherited)",
					"@executable_path/Frameworks",
					"@loader_path/Frameworks",
				);
				PRODUCT_BUNDLE_IDENTIFIER = com.hadanischal.WeatherCombineUITests;
				PRODUCT_NAME = "$(TARGET_NAME)";
				SWIFT_VERSION = 5.0;
				TARGETED_DEVICE_FAMILY = "1,2";
				TEST_TARGET_NAME = WeatherCombine;
			};
			name = Release;
		};
/* End XCBuildConfiguration section */

/* Begin XCConfigurationList section */
		AFF9E239250E3EE20033F0C4 /* Build configuration list for PBXProject "WeatherCombine" */ = {
			isa = XCConfigurationList;
			buildConfigurations = (
				AFF9E266250E3EE30033F0C4 /* Debug */,
				AFF9E267250E3EE30033F0C4 /* Release */,
			);
			defaultConfigurationIsVisible = 0;
			defaultConfigurationName = Release;
		};
		AFF9E268250E3EE30033F0C4 /* Build configuration list for PBXNativeTarget "WeatherCombine" */ = {
			isa = XCConfigurationList;
			buildConfigurations = (
				AFF9E269250E3EE30033F0C4 /* Debug */,
				AFF9E26A250E3EE30033F0C4 /* Release */,
			);
			defaultConfigurationIsVisible = 0;
			defaultConfigurationName = Release;
		};
		AFF9E26B250E3EE30033F0C4 /* Build configuration list for PBXNativeTarget "WeatherCombineTests" */ = {
			isa = XCConfigurationList;
			buildConfigurations = (
				AFF9E26C250E3EE30033F0C4 /* Debug */,
				AFF9E26D250E3EE30033F0C4 /* Release */,
			);
			defaultConfigurationIsVisible = 0;
			defaultConfigurationName = Release;
		};
		AFF9E26E250E3EE30033F0C4 /* Build configuration list for PBXNativeTarget "WeatherCombineUITests" */ = {
			isa = XCConfigurationList;
			buildConfigurations = (
				AFF9E26F250E3EE30033F0C4 /* Debug */,
				AFF9E270250E3EE30033F0C4 /* Release */,
			);
			defaultConfigurationIsVisible = 0;
			defaultConfigurationName = Release;
		};
/* End XCConfigurationList section */
	};
	rootObject = AFF9E236250E3EE20033F0C4 /* Project object */;
}
